
Microsoft Visual Studio Solution File, Format Version 12.00
# Visual Studio 15
VisualStudioVersion = 15.0.27130.2010
MinimumVisualStudioVersion = 10.0.40219.1
Project("{FAE04EC0-301F-11D3-BF4B-00C04F79EFBC}") = "ObjectId", "src\ObjectId\ObjectId.csproj", "{3F63266F-110A-410A-B908-47A27A73A963}"
EndProject
Global
	GlobalSection(SolutionConfigurationPlatforms) = preSolution
		Debug|Any CPU = Debug|Any CPU
		Release|Any CPU = Release|Any CPU
	EndGlobalSection
	GlobalSection(ProjectConfigurationPlatforms) = postSolution
		{3F63266F-110A-410A-B908-47A27A73A963}.Debug|Any CPU.ActiveCfg = Debug|Any CPU
		{3F63266F-110A-410A-B908-47A27A73A963}.Debug|Any CPU.Build.0 = Debug|Any CPU
		{3F63266F-110A-410A-B908-47A27A73A963}.Release|Any CPU.ActiveCfg = Release|Any CPU
		{3F63266F-110A-410A-B908-47A27A73A963}.Release|Any CPU.Build.0 = Release|Any CPU
	EndGlobalSection
	GlobalSection(SolutionProperties) = preSolution
		HideSolutionNode = FALSE
	EndGlobalSection
	GlobalSection(ExtensibilityGlobals) = postSolution
		SolutionGuid = {410D64B7-DA32-4A07-827F-F8B003338530}
	EndGlobalSection
EndGlobal
